
Microsoft Visual Studio Solution File, Format Version 12.00
# Visual Studio Version 17
VisualStudioVersion = 17.0.32014.148
MinimumVisualStudioVersion = 10.0.40219.1
Project("{888888A0-9F3D-457C-B088-3A5042F75D52}") = "CalendarMaker", "CalendarMaker\CalendarMaker.pyproj", "{D3CF9453-5302-40B0-BEF8-869F12202A90}"
EndProject
Global
	GlobalSection(SolutionConfigurationPlatforms) = preSolution
		Debug|Any CPU = Debug|Any CPU
		Release|Any CPU = Release|Any CPU
	EndGlobalSection
	GlobalSection(ProjectConfigurationPlatforms) = postSolution
		{D3CF9453-5302-40B0-BEF8-869F12202A90}.Debug|Any CPU.ActiveCfg = Debug|Any CPU
		{D3CF9453-5302-40B0-BEF8-869F12202A90}.Release|Any CPU.ActiveCfg = Release|Any CPU
	EndGlobalSection
	GlobalSection(SolutionProperties) = preSolution
		HideSolutionNode = FALSE
	EndGlobalSection
	GlobalSection(ExtensibilityGlobals) = postSolution
		SolutionGuid = {5630AFD1-8904-48E8-90AD-09EA60E76204}
	EndGlobalSection
EndGlobal
